
Microsoft Visual Studio Solution File, Format Version 12.00
# Visual Studio Version 17
VisualStudioVersion = 17.11.35312.102
MinimumVisualStudioVersion = 10.0.40219.1
Project("{FAE04EC0-301F-11D3-BF4B-00C04F79EFBC}") = "EneTarea3", "EneTarea3\EneTarea3.csproj", "{F94FFC36-B08B-4D90-B84D-A403611A998E}"
EndProject
Global
	GlobalSection(SolutionConfigurationPlatforms) = preSolution
		Debug|Any CPU = Debug|Any CPU
		Release|Any CPU = Release|Any CPU
	EndGlobalSection
	GlobalSection(ProjectConfigurationPlatforms) = postSolution
		{F94FFC36-B08B-4D90-B84D-A403611A998E}.Debug|Any CPU.ActiveCfg = Debug|Any CPU
		{F94FFC36-B08B-4D90-B84D-A403611A998E}.Debug|Any CPU.Build.0 = Debug|Any CPU
		{F94FFC36-B08B-4D90-B84D-A403611A998E}.Release|Any CPU.ActiveCfg = Release|Any CPU
		{F94FFC36-B08B-4D90-B84D-A403611A998E}.Release|Any CPU.Build.0 = Release|Any CPU
	EndGlobalSection
	GlobalSection(SolutionProperties) = preSolution
		HideSolutionNode = FALSE
	EndGlobalSection
	GlobalSection(ExtensibilityGlobals) = postSolution
		SolutionGuid = {9829F761-D698-47B6-A62F-018BA8BEAEE4}
	EndGlobalSection
EndGlobal
